
Microsoft Visual Studio Solution File, Format Version 12.00
# Visual Studio 15
VisualStudioVersion = 15.0.28307.421
MinimumVisualStudioVersion = 10.0.40219.1
Project("{FAE04EC0-301F-11D3-BF4B-00C04F79EFBC}") = "ASPNetCoreMentoringEpam", "ASPNetCoreMentoringEpam\ASPNetCoreMentoringEpam.csproj", "{233CCDB5-F2AB-4ED3-8FE0-70651481C9AB}"
EndProject
Project("{FAE04EC0-301F-11D3-BF4B-00C04F79EFBC}") = "DAL", "DAL\DAL.csproj", "{C72FF55C-3A8B-4A5E-8681-12AEE423569C}"
EndProject
Project("{FAE04EC0-301F-11D3-BF4B-00C04F79EFBC}") = "DAL.Interfaces", "DAL.Interfaces\DAL.Interfaces.csproj", "{2A6C4854-C5E8-4B51-9EF8-943D5C7BCF76}"
EndProject
Project("{FAE04EC0-301F-11D3-BF4B-00C04F79EFBC}") = "BLL", "BLL\BLL.csproj", "{C96674A9-8484-4F2D-9DFF-F82B20642C51}"
EndProject
Project("{FAE04EC0-301F-11D3-BF4B-00C04F79EFBC}") = "BLL.Interfaces", "BLL.Interfaces\BLL.Interfaces.csproj", "{B9E34240-E962-4AA8-8D24-AC9700079224}"
EndProject
Global
	GlobalSection(SolutionConfigurationPlatforms) = preSolution
		Debug|Any CPU = Debug|Any CPU
		Release|Any CPU = Release|Any CPU
	EndGlobalSection
	GlobalSection(ProjectConfigurationPlatforms) = postSolution
		{233CCDB5-F2AB-4ED3-8FE0-70651481C9AB}.Debug|Any CPU.ActiveCfg = Debug|Any CPU
		{233CCDB5-F2AB-4ED3-8FE0-70651481C9AB}.Debug|Any CPU.Build.0 = Debug|Any CPU
		{233CCDB5-F2AB-4ED3-8FE0-70651481C9AB}.Release|Any CPU.ActiveCfg = Release|Any CPU
		{233CCDB5-F2AB-4ED3-8FE0-70651481C9AB}.Release|Any CPU.Build.0 = Release|Any CPU
		{C72FF55C-3A8B-4A5E-8681-12AEE423569C}.Debug|Any CPU.ActiveCfg = Debug|Any CPU
		{C72FF55C-3A8B-4A5E-8681-12AEE423569C}.Debug|Any CPU.Build.0 = Debug|Any CPU
		{C72FF55C-3A8B-4A5E-8681-12AEE423569C}.Release|Any CPU.ActiveCfg = Release|Any CPU
		{C72FF55C-3A8B-4A5E-8681-12AEE423569C}.Release|Any CPU.Build.0 = Release|Any CPU
		{2A6C4854-C5E8-4B51-9EF8-943D5C7BCF76}.Debug|Any CPU.ActiveCfg = Debug|Any CPU
		{2A6C4854-C5E8-4B51-9EF8-943D5C7BCF76}.Debug|Any CPU.Build.0 = Debug|Any CPU
		{2A6C4854-C5E8-4B51-9EF8-943D5C7BCF76}.Release|Any CPU.ActiveCfg = Release|Any CPU
		{2A6C4854-C5E8-4B51-9EF8-943D5C7BCF76}.Release|Any CPU.Build.0 = Release|Any CPU
		{C96674A9-8484-4F2D-9DFF-F82B20642C51}.Debug|Any CPU.ActiveCfg = Debug|Any CPU
		{C96674A9-8484-4F2D-9DFF-F82B20642C51}.Debug|Any CPU.Build.0 = Debug|Any CPU
		{C96674A9-8484-4F2D-9DFF-F82B20642C51}.Release|Any CPU.ActiveCfg = Release|Any CPU
		{C96674A9-8484-4F2D-9DFF-F82B20642C51}.Release|Any CPU.Build.0 = Release|Any CPU
		{B9E34240-E962-4AA8-8D24-AC9700079224}.Debug|Any CPU.ActiveCfg = Debug|Any CPU
		{B9E34240-E962-4AA8-8D24-AC9700079224}.Debug|Any CPU.Build.0 = Debug|Any CPU
		{B9E34240-E962-4AA8-8D24-AC9700079224}.Release|Any CPU.ActiveCfg = Release|Any CPU
		{B9E34240-E962-4AA8-8D24-AC9700079224}.Release|Any CPU.Build.0 = Release|Any CPU
	EndGlobalSection
	GlobalSection(SolutionProperties) = preSolution
		HideSolutionNode = FALSE
	EndGlobalSection
	GlobalSection(ExtensibilityGlobals) = postSolution
		SolutionGuid = {C1B3360C-E880-4381-8EEF-ED443379A281}
	EndGlobalSection
EndGlobal
